// !$*UTF8*$!
{
	archiveVersion = 1;
	classes = {
	};
	objectVersion = 55;
	objects = {

/* Begin PBXBuildFile section */
		ABF4C61027284B2100FE9AC5 /* AppDelegate.swift in Sources */ = {isa = PBXBuildFile; fileRef = ABF4C60F27284B2100FE9AC5 /* AppDelegate.swift */; };
		ABF4C61227284B2100FE9AC5 /* SceneDelegate.swift in Sources */ = {isa = PBXBuildFile; fileRef = ABF4C61127284B2100FE9AC5 /* SceneDelegate.swift */; };
		ABF4C61427284B2100FE9AC5 /* ViewController.swift in Sources */ = {isa = PBXBuildFile; fileRef = ABF4C61327284B2100FE9AC5 /* ViewController.swift */; };
		ABF4C61727284B2100FE9AC5 /* Main.storyboard in Resources */ = {isa = PBXBuildFile; fileRef = ABF4C61527284B2100FE9AC5 /* Main.storyboard */; };
		ABF4C61927284B2300FE9AC5 /* Assets.xcassets in Resources */ = {isa = PBXBuildFile; fileRef = ABF4C61827284B2300FE9AC5 /* Assets.xcassets */; };
		ABF4C61C27284B2300FE9AC5 /* LaunchScreen.storyboard in Resources */ = {isa = PBXBuildFile; fileRef = ABF4C61A27284B2300FE9AC5 /* LaunchScreen.storyboard */; };
		ABF4C62727284B2300FE9AC5 /* SimpleBackgroundFetchTests.swift in Sources */ = {isa = PBXBuildFile; fileRef = ABF4C62627284B2300FE9AC5 /* SimpleBackgroundFetchTests.swift */; };
		ABF4C63127284B2300FE9AC5 /* SimpleBackgroundFetchUITests.swift in Sources */ = {isa = PBXBuildFile; fileRef = ABF4C63027284B2300FE9AC5 /* SimpleBackgroundFetchUITests.swift */; };
		ABF4C63327284B2300FE9AC5 /* SimpleBackgroundFetchUITestsLaunchTests.swift in Sources */ = {isa = PBXBuildFile; fileRef = ABF4C63227284B2300FE9AC5 /* SimpleBackgroundFetchUITestsLaunchTests.swift */; };
		ABF4C6D3272DED0800FE9AC5 /* UIView.swift in Sources */ = {isa = PBXBuildFile; fileRef = ABF4C6D2272DED0800FE9AC5 /* UIView.swift */; };
/* End PBXBuildFile section */

/* Begin PBXContainerItemProxy section */
		ABF4C62327284B2300FE9AC5 /* PBXContainerItemProxy */ = {
			isa = PBXContainerItemProxy;
			containerPortal = ABF4C60427284B2100FE9AC5 /* Project object */;
			proxyType = 1;
			remoteGlobalIDString = ABF4C60B27284B2100FE9AC5;
			remoteInfo = SimpleBackgroundFetch;
		};
		ABF4C62D27284B2300FE9AC5 /* PBXContainerItemProxy */ = {
			isa = PBXContainerItemProxy;
			containerPortal = ABF4C60427284B2100FE9AC5 /* Project object */;
			proxyType = 1;
			remoteGlobalIDString = ABF4C60B27284B2100FE9AC5;
			remoteInfo = SimpleBackgroundFetch;
		};
/* End PBXContainerItemProxy section */

/* Begin PBXFileReference section */
		ABF4C60C27284B2100FE9AC5 /* SimpleBackgroundFetch.app */ = {isa = PBXFileReference; explicitFileType = wrapper.application; includeInIndex = 0; path = SimpleBackgroundFetch.app; sourceTree = BUILT_PRODUCTS_DIR; };
		ABF4C60F27284B2100FE9AC5 /* AppDelegate.swift */ = {isa = PBXFileReference; lastKnownFileType = sourcecode.swift; path = AppDelegate.swift; sourceTree = "<group>"; };
		ABF4C61127284B2100FE9AC5 /* SceneDelegate.swift */ = {isa = PBXFileReference; lastKnownFileType = sourcecode.swift; path = SceneDelegate.swift; sourceTree = "<group>"; };
		ABF4C61327284B2100FE9AC5 /* ViewController.swift */ = {isa = PBXFileReference; lastKnownFileType = sourcecode.swift; path = ViewController.swift; sourceTree = "<group>"; };
		ABF4C61627284B2100FE9AC5 /* Base */ = {isa = PBXFileReference; lastKnownFileType = file.storyboard; name = Base; path = Base.lproj/Main.storyboard; sourceTree = "<group>"; };
		ABF4C61827284B2300FE9AC5 /* Assets.xcassets */ = {isa = PBXFileReference; lastKnownFileType = folder.assetcatalog; path = Assets.xcassets; sourceTree = "<group>"; };
		ABF4C61B27284B2300FE9AC5 /* Base */ = {isa = PBXFileReference; lastKnownFileType = file.storyboard; name = Base; path = Base.lproj/LaunchScreen.storyboard; sourceTree = "<group>"; };
		ABF4C61D27284B2300FE9AC5 /* Info.plist */ = {isa = PBXFileReference; lastKnownFileType = text.plist.xml; path = Info.plist; sourceTree = "<group>"; };
		ABF4C62227284B2300FE9AC5 /* SimpleBackgroundFetchTests.xctest */ = {isa = PBXFileReference; explicitFileType = wrapper.cfbundle; includeInIndex = 0; path = SimpleBackgroundFetchTests.xctest; sourceTree = BUILT_PRODUCTS_DIR; };
		ABF4C62627284B2300FE9AC5 /* SimpleBackgroundFetchTests.swift */ = {isa = PBXFileReference; lastKnownFileType = sourcecode.swift; path = SimpleBackgroundFetchTests.swift; sourceTree = "<group>"; };
		ABF4C62C27284B2300FE9AC5 /* SimpleBackgroundFetchUITests.xctest */ = {isa = PBXFileReference; explicitFileType = wrapper.cfbundle; includeInIndex = 0; path = SimpleBackgroundFetchUITests.xctest; sourceTree = BUILT_PRODUCTS_DIR; };
		ABF4C63027284B2300FE9AC5 /* SimpleBackgroundFetchUITests.swift */ = {isa = PBXFileReference; lastKnownFileType = sourcecode.swift; path = SimpleBackgroundFetchUITests.swift; sourceTree = "<group>"; };
		ABF4C63227284B2300FE9AC5 /* SimpleBackgroundFetchUITestsLaunchTests.swift */ = {isa = PBXFileReference; lastKnownFileType = sourcecode.swift; path = SimpleBackgroundFetchUITestsLaunchTests.swift; sourceTree = "<group>"; };
		ABF4C6D2272DED0800FE9AC5 /* UIView.swift */ = {isa = PBXFileReference; fileEncoding = 4; lastKnownFileType = sourcecode.swift; path = UIView.swift; sourceTree = "<group>"; };
/* End PBXFileReference section */

/* Begin PBXFrameworksBuildPhase section */
		ABF4C60927284B2100FE9AC5 /* Frameworks */ = {
			isa = PBXFrameworksBuildPhase;
			buildActionMask = 2147483647;
			files = (
			);
			runOnlyForDeploymentPostprocessing = 0;
		};
		ABF4C61F27284B2300FE9AC5 /* Frameworks */ = {
			isa = PBXFrameworksBuildPhase;
			buildActionMask = 2147483647;
			files = (
			);
			runOnlyForDeploymentPostprocessing = 0;
		};
		ABF4C62927284B2300FE9AC5 /* Frameworks */ = {
			isa = PBXFrameworksBuildPhase;
			buildActionMask = 2147483647;
			files = (
			);
			runOnlyForDeploymentPostprocessing = 0;
		};
/* End PBXFrameworksBuildPhase section */

/* Begin PBXGroup section */
		ABF4C60327284B2100FE9AC5 = {
			isa = PBXGroup;
			children = (
				ABF4C645272B07E200FE9AC5 /* UI */,
				ABF4C60E27284B2100FE9AC5 /* SimpleBackgroundFetch */,
				ABF4C62527284B2300FE9AC5 /* SimpleBackgroundFetchTests */,
				ABF4C62F27284B2300FE9AC5 /* SimpleBackgroundFetchUITests */,
				ABF4C60D27284B2100FE9AC5 /* Products */,
			);
			sourceTree = "<group>";
		};
		ABF4C60D27284B2100FE9AC5 /* Products */ = {
			isa = PBXGroup;
			children = (
				ABF4C60C27284B2100FE9AC5 /* SimpleBackgroundFetch.app */,
				ABF4C62227284B2300FE9AC5 /* SimpleBackgroundFetchTests.xctest */,
				ABF4C62C27284B2300FE9AC5 /* SimpleBackgroundFetchUITests.xctest */,
			);
			name = Products;
			sourceTree = "<group>";
		};
		ABF4C60E27284B2100FE9AC5 /* SimpleBackgroundFetch */ = {
			isa = PBXGroup;
			children = (
				ABF4C60F27284B2100FE9AC5 /* AppDelegate.swift */,
				ABF4C61127284B2100FE9AC5 /* SceneDelegate.swift */,
				ABF4C61327284B2100FE9AC5 /* ViewController.swift */,
				ABF4C61527284B2100FE9AC5 /* Main.storyboard */,
				ABF4C61827284B2300FE9AC5 /* Assets.xcassets */,
				ABF4C61A27284B2300FE9AC5 /* LaunchScreen.storyboard */,
				ABF4C61D27284B2300FE9AC5 /* Info.plist */,
			);
			path = SimpleBackgroundFetch;
			sourceTree = "<group>";
		};
		ABF4C62527284B2300FE9AC5 /* SimpleBackgroundFetchTests */ = {
			isa = PBXGroup;
			children = (
				ABF4C62627284B2300FE9AC5 /* SimpleBackgroundFetchTests.swift */,
			);
			path = SimpleBackgroundFetchTests;
			sourceTree = "<group>";
		};
		ABF4C62F27284B2300FE9AC5 /* SimpleBackgroundFetchUITests */ = {
			isa = PBXGroup;
			children = (
				ABF4C63027284B2300FE9AC5 /* SimpleBackgroundFetchUITests.swift */,
				ABF4C63227284B2300FE9AC5 /* SimpleBackgroundFetchUITestsLaunchTests.swift */,
			);
			path = SimpleBackgroundFetchUITests;
			sourceTree = "<group>";
		};
		ABF4C645272B07E200FE9AC5 /* UI */ = {
			isa = PBXGroup;
			children = (
				ABF4C6D2272DED0800FE9AC5 /* UIView.swift */,
			);
			name = UI;
			path = SimpleBackgroundFetch/UI;
			sourceTree = "<group>";
		};
/* End PBXGroup section */

/* Begin PBXNativeTarget section */
		ABF4C60B27284B2100FE9AC5 /* SimpleBackgroundFetch */ = {
			isa = PBXNativeTarget;
			buildConfigurationList = ABF4C63627284B2300FE9AC5 /* Build configuration list for PBXNativeTarget "SimpleBackgroundFetch" */;
			buildPhases = (
				ABF4C60827284B2100FE9AC5 /* Sources */,
				ABF4C60927284B2100FE9AC5 /* Frameworks */,
				ABF4C60A27284B2100FE9AC5 /* Resources */,
			);
			buildRules = (
			);
			dependencies = (
			);
			name = SimpleBackgroundFetch;
			productName = SimpleBackgroundFetch;
			productReference = ABF4C60C27284B2100FE9AC5 /* SimpleBackgroundFetch.app */;
			productType = "com.apple.product-type.application";
		};
		ABF4C62127284B2300FE9AC5 /* SimpleBackgroundFetchTests */ = {
			isa = PBXNativeTarget;
			buildConfigurationList = ABF4C63927284B2300FE9AC5 /* Build configuration list for PBXNativeTarget "SimpleBackgroundFetchTests" */;
			buildPhases = (
				ABF4C61E27284B2300FE9AC5 /* Sources */,
				ABF4C61F27284B2300FE9AC5 /* Frameworks */,
				ABF4C62027284B2300FE9AC5 /* Resources */,
			);
			buildRules = (
			);
			dependencies = (
				ABF4C62427284B2300FE9AC5 /* PBXTargetDependency */,
			);
			name = SimpleBackgroundFetchTests;
			productName = SimpleBackgroundFetchTests;
			productReference = ABF4C62227284B2300FE9AC5 /* SimpleBackgroundFetchTests.xctest */;
			productType = "com.apple.product-type.bundle.unit-test";
		};
		ABF4C62B27284B2300FE9AC5 /* SimpleBackgroundFetchUITests */ = {
			isa = PBXNativeTarget;
			buildConfigurationList = ABF4C63C27284B2300FE9AC5 /* Build configuration list for PBXNativeTarget "SimpleBackgroundFetchUITests" */;
			buildPhases = (
				ABF4C62827284B2300FE9AC5 /* Sources */,
				ABF4C62927284B2300FE9AC5 /* Frameworks */,
				ABF4C62A27284B2300FE9AC5 /* Resources */,
			);
			buildRules = (
			);
			dependencies = (
				ABF4C62E27284B2300FE9AC5 /* PBXTargetDependency */,
			);
			name = SimpleBackgroundFetchUITests;
			productName = SimpleBackgroundFetchUITests;
			productReference = ABF4C62C27284B2300FE9AC5 /* SimpleBackgroundFetchUITests.xctest */;
			productType = "com.apple.product-type.bundle.ui-testing";
		};
/* End PBXNativeTarget section */

/* Begin PBXProject section */
		ABF4C60427284B2100FE9AC5 /* Project object */ = {
			isa = PBXProject;
			attributes = {
				BuildIndependentTargetsInParallel = 1;
				LastSwiftUpdateCheck = 1300;
				LastUpgradeCheck = 1300;
				TargetAttributes = {
					ABF4C60B27284B2100FE9AC5 = {
						CreatedOnToolsVersion = 13.0;
					};
					ABF4C62127284B2300FE9AC5 = {
						CreatedOnToolsVersion = 13.0;
						TestTargetID = ABF4C60B27284B2100FE9AC5;
					};
					ABF4C62B27284B2300FE9AC5 = {
						CreatedOnToolsVersion = 13.0;
						TestTargetID = ABF4C60B27284B2100FE9AC5;
					};
				};
			};
			buildConfigurationList = ABF4C60727284B2100FE9AC5 /* Build configuration list for PBXProject "SimpleBackgroundFetch" */;
			compatibilityVersion = "Xcode 13.0";
			developmentRegion = en;
			hasScannedForEncodings = 0;
			knownRegions = (
				en,
				Base,
			);
			mainGroup = ABF4C60327284B2100FE9AC5;
			productRefGroup = ABF4C60D27284B2100FE9AC5 /* Products */;
			projectDirPath = "";
			projectRoot = "";
			targets = (
				ABF4C60B27284B2100FE9AC5 /* SimpleBackgroundFetch */,
				ABF4C62127284B2300FE9AC5 /* SimpleBackgroundFetchTests */,
				ABF4C62B27284B2300FE9AC5 /* SimpleBackgroundFetchUITests */,
			);
		};
/* End PBXProject section */

/* Begin PBXResourcesBuildPhase section */
		ABF4C60A27284B2100FE9AC5 /* Resources */ = {
			isa = PBXResourcesBuildPhase;
			buildActionMask = 2147483647;
			files = (
				ABF4C61C27284B2300FE9AC5 /* LaunchScreen.storyboard in Resources */,
				ABF4C61927284B2300FE9AC5 /* Assets.xcassets in Resources */,
				ABF4C61727284B2100FE9AC5 /* Main.storyboard in Resources */,
			);
			runOnlyForDeploymentPostprocessing = 0;
		};
		ABF4C62027284B2300FE9AC5 /* Resources */ = {
			isa = PBXResourcesBuildPhase;
			buildActionMask = 2147483647;
			files = (
			);
			runOnlyForDeploymentPostprocessing = 0;
		};
		ABF4C62A27284B2300FE9AC5 /* Resources */ = {
			isa = PBXResourcesBuildPhase;
			buildActionMask = 2147483647;
			files = (
			);
			runOnlyForDeploymentPostprocessing = 0;
		};
/* End PBXResourcesBuildPhase section */

/* Begin PBXSourcesBuildPhase section */
		ABF4C60827284B2100FE9AC5 /* Sources */ = {
			isa = PBXSourcesBuildPhase;
			buildActionMask = 2147483647;
			files = (
				ABF4C6D3272DED0800FE9AC5 /* UIView.swift in Sources */,
				ABF4C61427284B2100FE9AC5 /* ViewController.swift in Sources */,
				ABF4C61027284B2100FE9AC5 /* AppDelegate.swift in Sources */,
				ABF4C61227284B2100FE9AC5 /* SceneDelegate.swift in Sources */,
			);
			runOnlyForDeploymentPostprocessing = 0;
		};
		ABF4C61E27284B2300FE9AC5 /* Sources */ = {
			isa = PBXSourcesBuildPhase;
			buildActionMask = 2147483647;
			files = (
				ABF4C62727284B2300FE9AC5 /* SimpleBackgroundFetchTests.swift in Sources */,
			);
			runOnlyForDeploymentPostprocessing = 0;
		};
		ABF4C62827284B2300FE9AC5 /* Sources */ = {
			isa = PBXSourcesBuildPhase;
			buildActionMask = 2147483647;
			files = (
				ABF4C63127284B2300FE9AC5 /* SimpleBackgroundFetchUITests.swift in Sources */,
				ABF4C63327284B2300FE9AC5 /* SimpleBackgroundFetchUITestsLaunchTests.swift in Sources */,
			);
			runOnlyForDeploymentPostprocessing = 0;
		};
/* End PBXSourcesBuildPhase section */

/* Begin PBXTargetDependency section */
		ABF4C62427284B2300FE9AC5 /* PBXTargetDependency */ = {
			isa = PBXTargetDependency;
			target = ABF4C60B27284B2100FE9AC5 /* SimpleBackgroundFetch */;
			targetProxy = ABF4C62327284B2300FE9AC5 /* PBXContainerItemProxy */;
		};
		ABF4C62E27284B2300FE9AC5 /* PBXTargetDependency */ = {
			isa = PBXTargetDependency;
			target = ABF4C60B27284B2100FE9AC5 /* SimpleBackgroundFetch */;
			targetProxy = ABF4C62D27284B2300FE9AC5 /* PBXContainerItemProxy */;
		};
/* End PBXTargetDependency section */

/* Begin PBXVariantGroup section */
		ABF4C61527284B2100FE9AC5 /* Main.storyboard */ = {
			isa = PBXVariantGroup;
			children = (
				ABF4C61627284B2100FE9AC5 /* Base */,
			);
			name = Main.storyboard;
			sourceTree = "<group>";
		};
		ABF4C61A27284B2300FE9AC5 /* LaunchScreen.storyboard */ = {
			isa = PBXVariantGroup;
			children = (
				ABF4C61B27284B2300FE9AC5 /* Base */,
			);
			name = LaunchScreen.storyboard;
			sourceTree = "<group>";
		};
/* End PBXVariantGroup section */

/* Begin XCBuildConfiguration section */
		ABF4C63427284B2300FE9AC5 /* Debug */ = {
			isa = XCBuildConfiguration;
			buildSettings = {
				ALWAYS_SEARCH_USER_PATHS = NO;
				CLANG_ANALYZER_NONNULL = YES;
				CLANG_ANALYZER_NUMBER_OBJECT_CONVERSION = YES_AGGRESSIVE;
				CLANG_CXX_LANGUAGE_STANDARD = "gnu++17";
				CLANG_CXX_LIBRARY = "libc++";
				CLANG_ENABLE_MODULES = YES;
				CLANG_ENABLE_OBJC_ARC = YES;
				CLANG_ENABLE_OBJC_WEAK = YES;
				CLANG_WARN_BLOCK_CAPTURE_AUTORELEASING = YES;
				CLANG_WARN_BOOL_CONVERSION = YES;
				CLANG_WARN_COMMA = YES;
				CLANG_WARN_CONSTANT_CONVERSION = YES;
				CLANG_WARN_DEPRECATED_OBJC_IMPLEMENTATIONS = YES;
				CLANG_WARN_DIRECT_OBJC_ISA_USAGE = YES_ERROR;
				CLANG_WARN_DOCUMENTATION_COMMENTS = YES;
				CLANG_WARN_EMPTY_BODY = YES;
				CLANG_WARN_ENUM_CONVERSION = YES;
				CLANG_WARN_INFINITE_RECURSION = YES;
				CLANG_WARN_INT_CONVERSION = YES;
				CLANG_WARN_NON_LITERAL_NULL_CONVERSION = YES;
				CLANG_WARN_OBJC_IMPLICIT_RETAIN_SELF = YES;
				CLANG_WARN_OBJC_LITERAL_CONVERSION = YES;
				CLANG_WARN_OBJC_ROOT_CLASS = YES_ERROR;
				CLANG_WARN_QUOTED_INCLUDE_IN_FRAMEWORK_HEADER = YES;
				CLANG_WARN_RANGE_LOOP_ANALYSIS = YES;
				CLANG_WARN_STRICT_PROTOTYPES = YES;
				CLANG_WARN_SUSPICIOUS_MOVE = YES;
				CLANG_WARN_UNGUARDED_AVAILABILITY = YES_AGGRESSIVE;
				CLANG_WARN_UNREACHABLE_CODE = YES;
				CLANG_WARN__DUPLICATE_METHOD_MATCH = YES;
				COPY_PHASE_STRIP = NO;
				DEBUG_INFORMATION_FORMAT = dwarf;
				ENABLE_STRICT_OBJC_MSGSEND = YES;
				ENABLE_TESTABILITY = YES;
				GCC_C_LANGUAGE_STANDARD = gnu11;
				GCC_DYNAMIC_NO_PIC = NO;
				GCC_NO_COMMON_BLOCKS = YES;
				GCC_OPTIMIZATION_LEVEL = 0;
				GCC_PREPROCESSOR_DEFINITIONS = (
					"DEBUG=1",
					"$(inherited)",
				);
				GCC_WARN_64_TO_32_BIT_CONVERSION = YES;
				GCC_WARN_ABOUT_RETURN_TYPE = YES_ERROR;
				GCC_WARN_UNDECLARED_SELECTOR = YES;
				GCC_WARN_UNINITIALIZED_AUTOS = YES_AGGRESSIVE;
				GCC_WARN_UNUSED_FUNCTION = YES;
				GCC_WARN_UNUSED_VARIABLE = YES;
				IPHONEOS_DEPLOYMENT_TARGET = 14.0;
				MTL_ENABLE_DEBUG_INFO = INCLUDE_SOURCE;
				MTL_FAST_MATH = YES;
				ONLY_ACTIVE_ARCH = YES;
				SDKROOT = iphoneos;
				SWIFT_ACTIVE_COMPILATION_CONDITIONS = DEBUG;
				SWIFT_OPTIMIZATION_LEVEL = "-Onone";
			};
			name = Debug;
		};
		ABF4C63527284B2300FE9AC5 /* Release */ = {
			isa = XCBuildConfiguration;
			buildSettings = {
				ALWAYS_SEARCH_USER_PATHS = NO;
				CLANG_ANALYZER_NONNULL = YES;
				CLANG_ANALYZER_NUMBER_OBJECT_CONVERSION = YES_AGGRESSIVE;
				CLANG_CXX_LANGUAGE_STANDARD = "gnu++17";
				CLANG_CXX_LIBRARY = "libc++";
				CLANG_ENABLE_MODULES = YES;
				CLANG_ENABLE_OBJC_ARC = YES;
				CLANG_ENABLE_OBJC_WEAK = YES;
				CLANG_WARN_BLOCK_CAPTURE_AUTORELEASING = YES;
				CLANG_WARN_BOOL_CONVERSION = YES;
				CLANG_WARN_COMMA = YES;
				CLANG_WARN_CONSTANT_CONVERSION = YES;
				CLANG_WARN_DEPRECATED_OBJC_IMPLEMENTATIONS = YES;
				CLANG_WARN_DIRECT_OBJC_ISA_USAGE = YES_ERROR;
				CLANG_WARN_DOCUMENTATION_COMMENTS = YES;
				CLANG_WARN_EMPTY_BODY = YES;
				CLANG_WARN_ENUM_CONVERSION = YES;
				CLANG_WARN_INFINITE_RECURSION = YES;
				CLANG_WARN_INT_CONVERSION = YES;
				CLANG_WARN_NON_LITERAL_NULL_CONVERSION = YES;
				CLANG_WARN_OBJC_IMPLICIT_RETAIN_SELF = YES;
				CLANG_WARN_OBJC_LITERAL_CONVERSION = YES;
				CLANG_WARN_OBJC_ROOT_CLASS = YES_ERROR;
				CLANG_WARN_QUOTED_INCLUDE_IN_FRAMEWORK_HEADER = YES;
				CLANG_WARN_RANGE_LOOP_ANALYSIS = YES;
				CLANG_WARN_STRICT_PROTOTYPES = YES;
				CLANG_WARN_SUSPICIOUS_MOVE = YES;
				CLANG_WARN_UNGUARDED_AVAILABILITY = YES_AGGRESSIVE;
				CLANG_WARN_UNREACHABLE_CODE = YES;
				CLANG_WARN__DUPLICATE_METHOD_MATCH = YES;
				COPY_PHASE_STRIP = NO;
				DEBUG_INFORMATION_FORMAT = "dwarf-with-dsym";
				ENABLE_NS_ASSERTIONS = NO;
				ENABLE_STRICT_OBJC_MSGSEND = YES;
				GCC_C_LANGUAGE_STANDARD = gnu11;
				GCC_NO_COMMON_BLOCKS = YES;
				GCC_WARN_64_TO_32_BIT_CONVERSION = YES;
				GCC_WARN_ABOUT_RETURN_TYPE = YES_ERROR;
				GCC_WARN_UNDECLARED_SELECTOR = YES;
				GCC_WARN_UNINITIALIZED_AUTOS = YES_AGGRESSIVE;
				GCC_WARN_UNUSED_FUNCTION = YES;
				GCC_WARN_UNUSED_VARIABLE = YES;
				IPHONEOS_DEPLOYMENT_TARGET = 14.0;
				MTL_ENABLE_DEBUG_INFO = NO;
				MTL_FAST_MATH = YES;
				SDKROOT = iphoneos;
				SWIFT_COMPILATION_MODE = wholemodule;
				SWIFT_OPTIMIZATION_LEVEL = "-O";
				VALIDATE_PRODUCT = YES;
			};
			name = Release;
		};
		ABF4C63727284B2300FE9AC5 /* Debug */ = {
			isa = XCBuildConfiguration;
			buildSettings = {
				ASSETCATALOG_COMPILER_APPICON_NAME = AppIcon;
				ASSETCATALOG_COMPILER_GLOBAL_ACCENT_COLOR_NAME = AccentColor;
				CODE_SIGN_IDENTITY = "iPhone Developer";
				CODE_SIGN_STYLE = Manual;
				CURRENT_PROJECT_VERSION = 1;
				DEVELOPMENT_TEAM = 749Y68D6AY;
				GENERATE_INFOPLIST_FILE = YES;
				INFOPLIST_FILE = SimpleBackgroundFetch/Info.plist;
				INFOPLIST_KEY_UIApplicationSupportsIndirectInputEvents = YES;
				INFOPLIST_KEY_UILaunchStoryboardName = LaunchScreen;
				INFOPLIST_KEY_UIMainStoryboardFile = Main;
				INFOPLIST_KEY_UIRequiredDeviceCapabilities = armv7;
				INFOPLIST_KEY_UISupportedInterfaceOrientations = "UIInterfaceOrientationPortrait UIInterfaceOrientationLandscapeLeft UIInterfaceOrientationLandscapeRight";
				INFOPLIST_KEY_UISupportedInterfaceOrientations_iPad = "UIInterfaceOrientationPortrait UIInterfaceOrientationPortraitUpsideDown UIInterfaceOrientationLandscapeLeft UIInterfaceOrientationLandscapeRight";
				INFOPLIST_KEY_UISupportedInterfaceOrientations_iPhone = "UIInterfaceOrientationPortrait UIInterfaceOrientationLandscapeLeft UIInterfaceOrientationLandscapeRight";
				IPHONEOS_DEPLOYMENT_TARGET = 14.0;
				LD_RUNPATH_SEARCH_PATHS = (
					"$(inherited)",
					"@executable_path/Frameworks",
				);
				MARKETING_VERSION = 1.0;
				PRODUCT_BUNDLE_IDENTIFIER = com.spinvidapp.live;
				PRODUCT_NAME = "$(TARGET_NAME)";
				PROVISIONING_PROFILE_SPECIFIER = SpinVid_Dev_Provisioning;
				SWIFT_EMIT_LOC_STRINGS = YES;
				SWIFT_VERSION = 5.0;
				TARGETED_DEVICE_FAMILY = "1,2";
			};
			name = Debug;
		};
		ABF4C63827284B2300FE9AC5 /* Release */ = {
			isa = XCBuildConfiguration;
			buildSettings = {
				ASSETCATALOG_COMPILER_APPICON_NAME = AppIcon;
				ASSETCATALOG_COMPILER_GLOBAL_ACCENT_COLOR_NAME = AccentColor;
				CODE_SIGN_IDENTITY = "iPhone Developer";
				CODE_SIGN_STYLE = Manual;
				CURRENT_PROJECT_VERSION = 1;
				DEVELOPMENT_TEAM = 749Y68D6AY;
				GENERATE_INFOPLIST_FILE = YES;
				INFOPLIST_FILE = SimpleBackgroundFetch/Info.plist;
				INFOPLIST_KEY_UIApplicationSupportsIndirectInputEvents = YES;
				INFOPLIST_KEY_UILaunchStoryboardName = LaunchScreen;
				INFOPLIST_KEY_UIMainStoryboardFile = Main;
				INFOPLIST_KEY_UIRequiredDeviceCapabilities = armv7;
				INFOPLIST_KEY_UISupportedInterfaceOrientations = "UIInterfaceOrientationPortrait UIInterfaceOrientationLandscapeLeft UIInterfaceOrientationLandscapeRight";
				INFOPLIST_KEY_UISupportedInterfaceOrientations_iPad = "UIInterfaceOrientationPortrait UIInterfaceOrientationPortraitUpsideDown UIInterfaceOrientationLandscapeLeft UIInterfaceOrientationLandscapeRight";
				INFOPLIST_KEY_UISupportedInterfaceOrientations_iPhone = "UIInterfaceOrientationPortrait UIInterfaceOrientationLandscapeLeft UIInterfaceOrientationLandscapeRight";
				IPHONEOS_DEPLOYMENT_TARGET = 14.0;
				LD_RUNPATH_SEARCH_PATHS = (
					"$(inherited)",
					"@executable_path/Frameworks",
				);
				MARKETING_VERSION = 1.0;
				PRODUCT_BUNDLE_IDENTIFIER = com.spinvidapp.live;
				PRODUCT_NAME = "$(TARGET_NAME)";
				PROVISIONING_PROFILE_SPECIFIER = SpinVid_Dev_Provisioning;
				SWIFT_EMIT_LOC_STRINGS = YES;
				SWIFT_VERSION = 5.0;
				TARGETED_DEVICE_FAMILY = "1,2";
			};
			name = Release;
		};
		ABF4C63A27284B2300FE9AC5 /* Debug */ = {
			isa = XCBuildConfiguration;
			buildSettings = {
				ALWAYS_EMBED_SWIFT_STANDARD_LIBRARIES = YES;
				BUNDLE_LOADER = "$(TEST_HOST)";
				CODE_SIGN_STYLE = Automatic;
				CURRENT_PROJECT_VERSION = 1;
				GENERATE_INFOPLIST_FILE = YES;
				IPHONEOS_DEPLOYMENT_TARGET = 15.0;
				LD_RUNPATH_SEARCH_PATHS = (
					"$(inherited)",
					"@executable_path/Frameworks",
					"@loader_path/Frameworks",
				);
				MARKETING_VERSION = 1.0;
				PRODUCT_BUNDLE_IDENTIFIER = com.samrezikram.SimpleBackgroundFetchTests;
				PRODUCT_NAME = "$(TARGET_NAME)";
				SWIFT_EMIT_LOC_STRINGS = NO;
				SWIFT_VERSION = 5.0;
				TARGETED_DEVICE_FAMILY = "1,2";
				TEST_HOST = "$(BUILT_PRODUCTS_DIR)/SimpleBackgroundFetch.app/SimpleBackgroundFetch";
			};
			name = Debug;
		};
		ABF4C63B27284B2300FE9AC5 /* Release */ = {
			isa = XCBuildConfiguration;
			buildSettings = {
				ALWAYS_EMBED_SWIFT_STANDARD_LIBRARIES = YES;
				BUNDLE_LOADER = "$(TEST_HOST)";
				CODE_SIGN_STYLE = Automatic;
				CURRENT_PROJECT_VERSION = 1;
				GENERATE_INFOPLIST_FILE = YES;
				IPHONEOS_DEPLOYMENT_TARGET = 15.0;
				LD_RUNPATH_SEARCH_PATHS = (
					"$(inherited)",
					"@executable_path/Frameworks",
					"@loader_path/Frameworks",
				);
				MARKETING_VERSION = 1.0;
				PRODUCT_BUNDLE_IDENTIFIER = com.samrezikram.SimpleBackgroundFetchTests;
				PRODUCT_NAME = "$(TARGET_NAME)";
				SWIFT_EMIT_LOC_STRINGS = NO;
				SWIFT_VERSION = 5.0;
				TARGETED_DEVICE_FAMILY = "1,2";
				TEST_HOST = "$(BUILT_PRODUCTS_DIR)/SimpleBackgroundFetch.app/SimpleBackgroundFetch";
			};
			name = Release;
		};
		ABF4C63D27284B2300FE9AC5 /* Debug */ = {
			isa = XCBuildConfiguration;
			buildSettings = {
				ALWAYS_EMBED_SWIFT_STANDARD_LIBRARIES = YES;
				CODE_SIGN_STYLE = Automatic;
				CURRENT_PROJECT_VERSION = 1;
				GENERATE_INFOPLIST_FILE = YES;
				LD_RUNPATH_SEARCH_PATHS = (
					"$(inherited)",
					"@executable_path/Frameworks",
					"@loader_path/Frameworks",
				);
				MARKETING_VERSION = 1.0;
				PRODUCT_BUNDLE_IDENTIFIER = com.samrezikram.SimpleBackgroundFetchUITests;
				PRODUCT_NAME = "$(TARGET_NAME)";
				SWIFT_EMIT_LOC_STRINGS = NO;
				SWIFT_VERSION = 5.0;
				TARGETED_DEVICE_FAMILY = "1,2";
				TEST_TARGET_NAME = SimpleBackgroundFetch;
			};
			name = Debug;
		};
		ABF4C63E27284B2300FE9AC5 /* Release */ = {
			isa = XCBuildConfiguration;
			buildSettings = {
				ALWAYS_EMBED_SWIFT_STANDARD_LIBRARIES = YES;
				CODE_SIGN_STYLE = Automatic;
				CURRENT_PROJECT_VERSION = 1;
				GENERATE_INFOPLIST_FILE = YES;
				LD_RUNPATH_SEARCH_PATHS = (
					"$(inherited)",
					"@executable_path/Frameworks",
					"@loader_path/Frameworks",
				);
				MARKETING_VERSION = 1.0;
				PRODUCT_BUNDLE_IDENTIFIER = com.samrezikram.SimpleBackgroundFetchUITests;
				PRODUCT_NAME = "$(TARGET_NAME)";
				SWIFT_EMIT_LOC_STRINGS = NO;
				SWIFT_VERSION = 5.0;
				TARGETED_DEVICE_FAMILY = "1,2";
				TEST_TARGET_NAME = SimpleBackgroundFetch;
			};
			name = Release;
		};
/* End XCBuildConfiguration section */

/* Begin XCConfigurationList section */
		ABF4C60727284B2100FE9AC5 /* Build configuration list for PBXProject "SimpleBackgroundFetch" */ = {
			isa = XCConfigurationList;
			buildConfigurations = (
				ABF4C63427284B2300FE9AC5 /* Debug */,
				ABF4C63527284B2300FE9AC5 /* Release */,
			);
			defaultConfigurationIsVisible = 0;
			defaultConfigurationName = Release;
		};
		ABF4C63627284B2300FE9AC5 /* Build configuration list for PBXNativeTarget "SimpleBackgroundFetch" */ = {
			isa = XCConfigurationList;
			buildConfigurations = (
				ABF4C63727284B2300FE9AC5 /* Debug */,
				ABF4C63827284B2300FE9AC5 /* Release */,
			);
			defaultConfigurationIsVisible = 0;
			defaultConfigurationName = Release;
		};
		ABF4C63927284B2300FE9AC5 /* Build configuration list for PBXNativeTarget "SimpleBackgroundFetchTests" */ = {
			isa = XCConfigurationList;
			buildConfigurations = (
				ABF4C63A27284B2300FE9AC5 /* Debug */,
				ABF4C63B27284B2300FE9AC5 /* Release */,
			);
			defaultConfigurationIsVisible = 0;
			defaultConfigurationName = Release;
		};
		ABF4C63C27284B2300FE9AC5 /* Build configuration list for PBXNativeTarget "SimpleBackgroundFetchUITests" */ = {
			isa = XCConfigurationList;
			buildConfigurations = (
				ABF4C63D27284B2300FE9AC5 /* Debug */,
				ABF4C63E27284B2300FE9AC5 /* Release */,
			);
			defaultConfigurationIsVisible = 0;
			defaultConfigurationName = Release;
		};
/* End XCConfigurationList section */
	};
	rootObject = ABF4C60427284B2100FE9AC5 /* Project object */;
}
